
Microsoft Visual Studio Solution File, Format Version 12.00
# Visual Studio 15
VisualStudioVersion = 15.0.28307.489
MinimumVisualStudioVersion = 10.0.40219.1
Project("{FAE04EC0-301F-11D3-BF4B-00C04F79EFBC}") = "RandomizedEncryptionCodeDemo", "EncryptionApp\RandomizedEncryptionCodeDemo.csproj", "{BF9BE0E7-DD6F-4E93-B330-5474D361198E}"
EndProject
Global
	GlobalSection(SolutionConfigurationPlatforms) = preSolution
		Debug|Any CPU = Debug|Any CPU
		Release|Any CPU = Release|Any CPU
	EndGlobalSection
	GlobalSection(ProjectConfigurationPlatforms) = postSolution
		{BF9BE0E7-DD6F-4E93-B330-5474D361198E}.Debug|Any CPU.ActiveCfg = Debug|Any CPU
		{BF9BE0E7-DD6F-4E93-B330-5474D361198E}.Debug|Any CPU.Build.0 = Debug|Any CPU
		{BF9BE0E7-DD6F-4E93-B330-5474D361198E}.Release|Any CPU.ActiveCfg = Debug|Any CPU
		{BF9BE0E7-DD6F-4E93-B330-5474D361198E}.Release|Any CPU.Build.0 = Debug|Any CPU
	EndGlobalSection
	GlobalSection(SolutionProperties) = preSolution
		HideSolutionNode = FALSE
	EndGlobalSection
	GlobalSection(ExtensibilityGlobals) = postSolution
		SolutionGuid = {41F75997-A359-44F7-8EA5-1BC08117E665}
	EndGlobalSection
EndGlobal
